
Microsoft Visual Studio Solution File, Format Version 12.00
# Visual Studio Version 16
VisualStudioVersion = 16.0.30320.27
MinimumVisualStudioVersion = 15.0.26124.0
Project("{FAE04EC0-301F-11D3-BF4B-00C04F79EFBC}") = "Chat.Server", "Chat.Server\Chat.Server.csproj", "{0ADE86B4-51F3-492A-8749-CA6F6D0588CE}"
EndProject
Project("{FAE04EC0-301F-11D3-BF4B-00C04F79EFBC}") = "Chat.Start", "Chat.Start\Chat.Start.csproj", "{05D20EC7-E2FA-4960-A9A0-EBF73A1087EF}"
EndProject
Global
	GlobalSection(SolutionConfigurationPlatforms) = preSolution
		Debug|Any CPU = Debug|Any CPU
		Debug|x64 = Debug|x64
		Debug|x86 = Debug|x86
		Release|Any CPU = Release|Any CPU
		Release|x64 = Release|x64
		Release|x86 = Release|x86
	EndGlobalSection
	GlobalSection(ProjectConfigurationPlatforms) = postSolution
		{0ADE86B4-51F3-492A-8749-CA6F6D0588CE}.Debug|Any CPU.ActiveCfg = Debug|Any CPU
		{0ADE86B4-51F3-492A-8749-CA6F6D0588CE}.Debug|Any CPU.Build.0 = Debug|Any CPU
		{0ADE86B4-51F3-492A-8749-CA6F6D0588CE}.Debug|x64.ActiveCfg = Debug|Any CPU
		{0ADE86B4-51F3-492A-8749-CA6F6D0588CE}.Debug|x64.Build.0 = Debug|Any CPU
		{0ADE86B4-51F3-492A-8749-CA6F6D0588CE}.Debug|x86.ActiveCfg = Debug|Any CPU
		{0ADE86B4-51F3-492A-8749-CA6F6D0588CE}.Debug|x86.Build.0 = Debug|Any CPU
		{0ADE86B4-51F3-492A-8749-CA6F6D0588CE}.Release|Any CPU.ActiveCfg = Release|Any CPU
		{0ADE86B4-51F3-492A-8749-CA6F6D0588CE}.Release|Any CPU.Build.0 = Release|Any CPU
		{0ADE86B4-51F3-492A-8749-CA6F6D0588CE}.Release|x64.ActiveCfg = Release|Any CPU
		{0ADE86B4-51F3-492A-8749-CA6F6D0588CE}.Release|x64.Build.0 = Release|Any CPU
		{0ADE86B4-51F3-492A-8749-CA6F6D0588CE}.Release|x86.ActiveCfg = Release|Any CPU
		{0ADE86B4-51F3-492A-8749-CA6F6D0588CE}.Release|x86.Build.0 = Release|Any CPU
		{05D20EC7-E2FA-4960-A9A0-EBF73A1087EF}.Debug|Any CPU.ActiveCfg = Debug|Any CPU
		{05D20EC7-E2FA-4960-A9A0-EBF73A1087EF}.Debug|Any CPU.Build.0 = Debug|Any CPU
		{05D20EC7-E2FA-4960-A9A0-EBF73A1087EF}.Debug|x64.ActiveCfg = Debug|Any CPU
		{05D20EC7-E2FA-4960-A9A0-EBF73A1087EF}.Debug|x64.Build.0 = Debug|Any CPU
		{05D20EC7-E2FA-4960-A9A0-EBF73A1087EF}.Debug|x86.ActiveCfg = Debug|Any CPU
		{05D20EC7-E2FA-4960-A9A0-EBF73A1087EF}.Debug|x86.Build.0 = Debug|Any CPU
		{05D20EC7-E2FA-4960-A9A0-EBF73A1087EF}.Release|Any CPU.ActiveCfg = Release|Any CPU
		{05D20EC7-E2FA-4960-A9A0-EBF73A1087EF}.Release|Any CPU.Build.0 = Release|Any CPU
		{05D20EC7-E2FA-4960-A9A0-EBF73A1087EF}.Release|x64.ActiveCfg = Release|Any CPU
		{05D20EC7-E2FA-4960-A9A0-EBF73A1087EF}.Release|x64.Build.0 = Release|Any CPU
		{05D20EC7-E2FA-4960-A9A0-EBF73A1087EF}.Release|x86.ActiveCfg = Release|Any CPU
		{05D20EC7-E2FA-4960-A9A0-EBF73A1087EF}.Release|x86.Build.0 = Release|Any CPU
	EndGlobalSection
	GlobalSection(SolutionProperties) = preSolution
		HideSolutionNode = FALSE
	EndGlobalSection
	GlobalSection(ExtensibilityGlobals) = postSolution
		SolutionGuid = {0A91EB5D-E6A8-48D5-9BF7-25F266F97E58}
	EndGlobalSection
EndGlobal
